
Microsoft Visual Studio Solution File, Format Version 12.00
# Visual Studio Version 16
VisualStudioVersion = 16.0.31229.75
MinimumVisualStudioVersion = 10.0.40219.1
Project("{8BC9CEB8-8B4A-11D0-8D11-00A0C91BC942}") = "Project1", "Project1\Project1.vcxproj", "{B8EE511E-41AE-4CF9-A256-ED173C764ADB}"
EndProject
Global
	GlobalSection(SolutionConfigurationPlatforms) = preSolution
		Debug|x64 = Debug|x64
		Debug|x86 = Debug|x86
		Release|x64 = Release|x64
		Release|x86 = Release|x86
	EndGlobalSection
	GlobalSection(ProjectConfigurationPlatforms) = postSolution
		{B8EE511E-41AE-4CF9-A256-ED173C764ADB}.Debug|x64.ActiveCfg = Debug|x64
		{B8EE511E-41AE-4CF9-A256-ED173C764ADB}.Debug|x64.Build.0 = Debug|x64
		{B8EE511E-41AE-4CF9-A256-ED173C764ADB}.Debug|x86.ActiveCfg = Debug|Win32
		{B8EE511E-41AE-4CF9-A256-ED173C764ADB}.Debug|x86.Build.0 = Debug|Win32
		{B8EE511E-41AE-4CF9-A256-ED173C764ADB}.Release|x64.ActiveCfg = Release|x64
		{B8EE511E-41AE-4CF9-A256-ED173C764ADB}.Release|x64.Build.0 = Release|x64
		{B8EE511E-41AE-4CF9-A256-ED173C764ADB}.Release|x86.ActiveCfg = Release|Win32
		{B8EE511E-41AE-4CF9-A256-ED173C764ADB}.Release|x86.Build.0 = Release|Win32
	EndGlobalSection
	GlobalSection(SolutionProperties) = preSolution
		HideSolutionNode = FALSE
	EndGlobalSection
	GlobalSection(ExtensibilityGlobals) = postSolution
		SolutionGuid = {F72D8803-46B5-41A3-9594-DE3F339D565A}
	EndGlobalSection
EndGlobal
